github.com/gorilla/mux v1.8.0 h1:i40aqfkR1h2SlN9hojwV5ZA91wcXFOvkdNIeFDP5koI=
github.com/gorilla/mux v1.8.0/go.mod h1:DVbg23sWSpFRCP0SfiEN6jmj59UnW/n46BH5rLB71So=
github.com/gorilla/mux v1.8.1 h1:TuBL49tXwgrFYWhqrNgrUNEY92u81SPhu7sTdzQEiWY=
github.com/gorilla/mux v1.8.1/go.mod h1:AKf9I4AEqPTmMytcMc0KkNouC66V3BtZ4qD5fmWSiMQ=
github.com/joho/godotenv v1.5.1 h1:7eLL/+HRGLY0ldzfGMeQkb7vMd0as4CfYvUVzLqw0N0=
github.com/joho/godotenv v1.5.1/go.mod h1:f4LDr5Voq0i2e/R5DDNOoa2zzDfwtkZa6DnEwAbqwq4=
github.com/st3v/tracerr v0.0.0-20141227205252-07f754d5ee02 h1:N4gPC+l3F9FhkHcPDW7rmpaXI1ct4kZvNlfw2Ojw0LI=
github.com/st3v/tracerr v0.0.0-20141227205252-07f754d5ee02/go.mod h1:izgUcLNrKHeZKj7Lve99NNN5G8+2H0mBtAG8AsZuKpo=
github.com/st3v/translator v0.0.0-20170509165537-d13056a59297 h1:wIxQcRyXYM7mQ1xTnJmlU9plIn4QFZHEjDzX4fZKCBs=
github.com/st3v/translator v0.0.0-20170509165537-d13056a59297/go.mod h1:nOlf149jpn2UBsed03g92AudGFfXu4tKt/QdEKpnDzU=
